
Microsoft Visual Studio Solution File, Format Version 12.00
# Visual Studio Version 17
VisualStudioVersion = 17.14.36511.14 d17.14
MinimumVisualStudioVersion = 10.0.40219.1
Project("{FAE04EC0-301F-11D3-BF4B-00C04F79EFBC}") = "Tarea_semana12", "Tarea_semana12.csproj", "{9279B4EE-3381-4D77-89EE-A162A78AE46E}"
EndProject
Global
	GlobalSection(SolutionConfigurationPlatforms) = preSolution
		Debug|Any CPU = Debug|Any CPU
		Release|Any CPU = Release|Any CPU
	EndGlobalSection
	GlobalSection(ProjectConfigurationPlatforms) = postSolution
		{9279B4EE-3381-4D77-89EE-A162A78AE46E}.Debug|Any CPU.ActiveCfg = Debug|Any CPU
		{9279B4EE-3381-4D77-89EE-A162A78AE46E}.Debug|Any CPU.Build.0 = Debug|Any CPU
		{9279B4EE-3381-4D77-89EE-A162A78AE46E}.Release|Any CPU.ActiveCfg = Release|Any CPU
		{9279B4EE-3381-4D77-89EE-A162A78AE46E}.Release|Any CPU.Build.0 = Release|Any CPU
	EndGlobalSection
	GlobalSection(SolutionProperties) = preSolution
		HideSolutionNode = FALSE
	EndGlobalSection
	GlobalSection(ExtensibilityGlobals) = postSolution
		SolutionGuid = {D7DCF644-F8C8-452F-88F4-B28AFC2CC767}
	EndGlobalSection
EndGlobal
